<?xml version="1.0" encoding="utf-8"?>
<Project ToolsVersion="4.0" xmlns="http://schemas.microsoft.com/developer/msbuild/2003">
  <ItemGroup>
    <Filter Include="Source Files">
      <UniqueIdentifier>{4FC737F1-C7A5-4376-A066-2A32D752A2FF}</UniqueIdentifier>
      <Extensions>cpp;c;cc;cxx;c++;cppm;ixx;def;odl;idl;hpj;bat;asm;asmx</Extensions>
    </Filter>
    <Filter Include="Header Files">
      <UniqueIdentifier>{93995380-89BD-4b04-88EB-625FBE52EBFB}</UniqueIdentifier>
      <Extensions>h;hh;hpp;hxx;h++;hm;inl;inc;ipp;xsd</Extensions>
    </Filter>
    <Filter Include="Resource Files">
      <UniqueIdentifier>{67DA6AB6-F800-4c08-8B7A-83BB121AAD01}</UniqueIdentifier>
      <Extensions>rc;ico;cur;bmp;dlg;rc2;rct;bin;rgs;gif;jpg;jpeg;jpe;resx;tiff;tif;png;wav;mfcribbon-ms</Extensions>
    </Filter>
    <Filter Include="Source Files\SpaceObjects">
      <UniqueIdentifier>{3e0a6521-5cec-44bb-a407-838bc1fc9ab5}</UniqueIdentifier>
    </Filter>
    <Filter Include="Source Files\Audio">
      <UniqueIdentifier>{2de4b860-e4fa-4033-8cf7-070012ee8662}</UniqueIdentifier>
    </Filter>
    <Filter Include="Source Files\Excursion">
      <UniqueIdentifier>{f9429197-33fe-4a94-a396-31aee1c45c49}</UniqueIdentifier>
    </Filter>
    <Filter Include="Source Files\main">
      <UniqueIdentifier>{f33d0dc0-8536-4a5f-9480-cf5c8eef11af}</UniqueIdentifier>
    </Filter>
  </ItemGroup>
  <ItemGroup>
    <ClCompile Include="Scene.cpp">
      <Filter>Source Files\main</Filter>
    </ClCompile>
    <ClCompile Include="oopmain.cpp">
      <Filter>Source Files\main</Filter>
    </ClCompile>
  </ItemGroup>
  <ItemGroup>
    <ClInclude Include="Star.h">
      <Filter>Source Files\SpaceObjects</Filter>
    </ClInclude>
    <ClInclude Include="Satelite.h">
      <Filter>Source Files\SpaceObjects</Filter>
    </ClInclude>
    <ClInclude Include="Planet.h">
      <Filter>Source Files\SpaceObjects</Filter>
    </ClInclude>
    <ClInclude Include="Asteroid.h">
      <Filter>Source Files\SpaceObjects</Filter>
    </ClInclude>
    <ClInclude Include="SpaceObject.h">
      <Filter>Source Files\SpaceObjects</Filter>
    </ClInclude>
    <ClInclude Include="SpaceObjectProxy.h">
      <Filter>Source Files\SpaceObjects</Filter>
    </ClInclude>
    <ClInclude Include="SpaceObjectType.h">
      <Filter>Source Files\SpaceObjects</Filter>
    </ClInclude>
    <ClInclude Include="Excursion.h">
      <Filter>Source Files\Excursion</Filter>
    </ClInclude>
    <ClInclude Include="InteractiveExcursion.h">
      <Filter>Source Files\Excursion</Filter>
    </ClInclude>
    <ClInclude Include="LinearExcursion.h">
      <Filter>Source Files\Excursion</Filter>
    </ClInclude>
    <ClInclude Include="QuizExcursion.h">
      <Filter>Source Files\Excursion</Filter>
    </ClInclude>
    <ClInclude Include="AudioFile.h">
      <Filter>Source Files\Audio</Filter>
    </ClInclude>
    <ClInclude Include="User.h">
      <Filter>Source Files\main</Filter>
    </ClInclude>
    <ClInclude Include="Scene.h">
      <Filter>Source Files\main</Filter>
    </ClInclude>
    <ClInclude Include="RandomExcursion.h">
      <Filter>Source Files\Excursion</Filter>
    </ClInclude>
  </ItemGroup>
  <ItemGroup>
    <None Include="ClassDiagram.cd" />
  </ItemGroup>
</Project>